
Microsoft Visual Studio Solution File, Format Version 12.00
# Visual Studio 15
VisualStudioVersion = 15.0.27130.2027
MinimumVisualStudioVersion = 10.0.40219.1
Project("{9A19103F-16F7-4668-BE54-9A1E7A4F7556}") = "UploadFiles", "UploadFiles\UploadFiles.csproj", "{7F163F6A-2DBE-427B-B0C2-1A236D428FA7}"
EndProject
Global
	GlobalSection(SolutionConfigurationPlatforms) = preSolution
		Debug|Any CPU = Debug|Any CPU
		Release|Any CPU = Release|Any CPU
	EndGlobalSection
	GlobalSection(ProjectConfigurationPlatforms) = postSolution
		{7F163F6A-2DBE-427B-B0C2-1A236D428FA7}.Debug|Any CPU.ActiveCfg = Debug|Any CPU
		{7F163F6A-2DBE-427B-B0C2-1A236D428FA7}.Debug|Any CPU.Build.0 = Debug|Any CPU
		{7F163F6A-2DBE-427B-B0C2-1A236D428FA7}.Release|Any CPU.ActiveCfg = Release|Any CPU
		{7F163F6A-2DBE-427B-B0C2-1A236D428FA7}.Release|Any CPU.Build.0 = Release|Any CPU
	EndGlobalSection
	GlobalSection(SolutionProperties) = preSolution
		HideSolutionNode = FALSE
	EndGlobalSection
	GlobalSection(ExtensibilityGlobals) = postSolution
		SolutionGuid = {60EEEC4D-875A-40FD-9D16-FF1A975AECED}
	EndGlobalSection
EndGlobal
